
Microsoft Visual Studio Solution File, Format Version 12.00
# Visual Studio Version 16
VisualStudioVersion = 16.0.30204.135
MinimumVisualStudioVersion = 10.0.40219.1
Project("{FAE04EC0-301F-11D3-BF4B-00C04F79EFBC}") = "BookListMVC", "BookListMVC\BookListMVC.csproj", "{05E63932-D6E8-4B09-B02C-4511B90348CE}"
EndProject
Global
	GlobalSection(SolutionConfigurationPlatforms) = preSolution
		Debug|Any CPU = Debug|Any CPU
		Release|Any CPU = Release|Any CPU
	EndGlobalSection
	GlobalSection(ProjectConfigurationPlatforms) = postSolution
		{05E63932-D6E8-4B09-B02C-4511B90348CE}.Debug|Any CPU.ActiveCfg = Debug|Any CPU
		{05E63932-D6E8-4B09-B02C-4511B90348CE}.Debug|Any CPU.Build.0 = Debug|Any CPU
		{05E63932-D6E8-4B09-B02C-4511B90348CE}.Release|Any CPU.ActiveCfg = Release|Any CPU
		{05E63932-D6E8-4B09-B02C-4511B90348CE}.Release|Any CPU.Build.0 = Release|Any CPU
	EndGlobalSection
	GlobalSection(SolutionProperties) = preSolution
		HideSolutionNode = FALSE
	EndGlobalSection
	GlobalSection(ExtensibilityGlobals) = postSolution
		SolutionGuid = {F2592F51-D2B0-4141-A694-38FF4AD740B6}
	EndGlobalSection
EndGlobal
